{
  "version": 4,
  "terraform_version": "1.6.0",
  "serial": 42,
  "lineage": "224e6daf-dc63-8ecb-7427-9f2b95e14a9e",
  "outputs": {},
  "resources": [
    {
      "mode": "managed",
      "type": "aws_s3_bucket",
      "name": "test_buckets",
      "provider": "provider[\"registry.terraform.io/hashicorp/aws\"]",
      "instances": [
        {
          "index_key": 0,
          "schema_version": 0,
          "attributes": {
            "acceleration_status": "",
            "acl": null,
            "arn": "arn:aws:s3:::539fd291-test-ipaas-bucket",
            "bucket": "539fd291-test-ipaas-bucket",
            "bucket_domain_name": "539fd291-test-ipaas-bucket.s3.amazonaws.com",
            "bucket_prefix": "",
            "bucket_regional_domain_name": "539fd291-test-ipaas-bucket.s3.eu-west-1.amazonaws.com",
            "cors_rule": [],
            "force_destroy": false,
            "grant": [
              {
                "id": "ac3133221f9a6772efa7a43f0a53fb73eab15ca0636a1ed24c2d9dcba89226ca",
                "permissions": [
                  "FULL_CONTROL"
                ],
                "type": "CanonicalUser",
                "uri": ""
              }
            ],
            "hosted_zone_id": "Z1BKCTXD74EZPE",
            "id": "539fd291-test-ipaas-bucket",
            "lifecycle_rule": [],
            "logging": [],
            "object_lock_configuration": [],
            "object_lock_enabled": false,
            "policy": "",
            "region": "eu-west-1",
            "replication_configuration": [],
            "request_payer": "BucketOwner",
            "server_side_encryption_configuration": [
              {
                "rule": [
                  {
                    "apply_server_side_encryption_by_default": [
                      {
                        "kms_master_key_id": "",
                        "sse_algorithm": "AES256"
                      }
                    ],
                    "bucket_key_enabled": false
                  }
                ]
              }
            ],
            "tags": {
              "git_commit": "c13273d184d87785ebcf4e8414e9d61183062799",
              "git_file": "tests/terraform/main.tf",
              "git_last_modified_at": "2023-11-08 12:50:23",
              "git_last_modified_by": "steven.soutar@kingfisher.com",
              "git_modifiers": "steven.soutar",
              "git_org": "group_iaas",
              "git_repo": "customer-applications/ipaas_cross_account_iam_role",
              "ipaas_transfer_enabled": "read",
              "yor_name": "test_buckets",
              "yor_trace": "8e461766-a84c-408b-93c8-64b2c855e817"
            },
            "tags_all": {
              "git_commit": "c13273d184d87785ebcf4e8414e9d61183062799",
              "git_file": "tests/terraform/main.tf",
              "git_last_modified_at": "2023-11-08 12:50:23",
              "git_last_modified_by": "steven.soutar@kingfisher.com",
              "git_modifiers": "steven.soutar",
              "git_org": "group_iaas",
              "git_repo": "customer-applications/ipaas_cross_account_iam_role",
              "ipaas_transfer_enabled": "read",
              "yor_name": "test_buckets",
              "yor_trace": "8e461766-a84c-408b-93c8-64b2c855e817"
            },
            "timeouts": null,
            "versioning": [
              {
                "enabled": false,
                "mfa_delete": false
              }
            ],
            "website": [],
            "website_domain": null,
            "website_endpoint": null
          },
          "sensitive_attributes": [],
          "private": "eyJlMmJmYjczMC1lY2FhLTExZTYtOGY4OC0zNDM2M2JjN2M0YzAiOnsiY3JlYXRlIjoxMjAwMDAwMDAwMDAwLCJkZWxldGUiOjM2MDAwMDAwMDAwMDAsInJlYWQiOjEyMDAwMDAwMDAwMDAsInVwZGF0ZSI6MTIwMDAwMDAwMDAwMH19",
          "dependencies": [
            "random_id.bucket_names"
          ]
        },
        {
          "index_key": 1,
          "schema_version": 0,
          "attributes": {
            "acceleration_status": "",
            "acl": null,
            "arn": "arn:aws:s3:::d8ed53bd-test-ipaas-bucket",
            "bucket": "d8ed53bd-test-ipaas-bucket",
            "bucket_domain_name": "d8ed53bd-test-ipaas-bucket.s3.amazonaws.com",
            "bucket_prefix": "",
            "bucket_regional_domain_name": "d8ed53bd-test-ipaas-bucket.s3.eu-west-1.amazonaws.com",
            "cors_rule": [],
            "force_destroy": false,
            "grant": [
              {
                "id": "ac3133221f9a6772efa7a43f0a53fb73eab15ca0636a1ed24c2d9dcba89226ca",
                "permissions": [
                  "FULL_CONTROL"
                ],
                "type": "CanonicalUser",
                "uri": ""
              }
            ],
            "hosted_zone_id": "Z1BKCTXD74EZPE",
            "id": "d8ed53bd-test-ipaas-bucket",
            "lifecycle_rule": [],
            "logging": [],
            "object_lock_configuration": [],
            "object_lock_enabled": false,
            "policy": "",
            "region": "eu-west-1",
            "replication_configuration": [],
            "request_payer": "BucketOwner",
            "server_side_encryption_configuration": [
              {
                "rule": [
                  {
                    "apply_server_side_encryption_by_default": [
                      {
                        "kms_master_key_id": "",
                        "sse_algorithm": "AES256"
                      }
                    ],
                    "bucket_key_enabled": false
                  }
                ]
              }
            ],
            "tags": {
              "git_commit": "c13273d184d87785ebcf4e8414e9d61183062799",
              "git_file": "tests/terraform/main.tf",
              "git_last_modified_at": "2023-11-08 12:50:23",
              "git_last_modified_by": "steven.soutar@kingfisher.com",
              "git_modifiers": "steven.soutar",
              "git_org": "group_iaas",
              "git_repo": "customer-applications/ipaas_cross_account_iam_role",
              "ipaas_transfer_enabled": "read",
              "yor_name": "test_buckets",
              "yor_trace": "8e461766-a84c-408b-93c8-64b2c855e817"
            },
            "tags_all": {
              "git_commit": "c13273d184d87785ebcf4e8414e9d61183062799",
              "git_file": "tests/terraform/main.tf",
              "git_last_modified_at": "2023-11-08 12:50:23",
              "git_last_modified_by": "steven.soutar@kingfisher.com",
              "git_modifiers": "steven.soutar",
              "git_org": "group_iaas",
              "git_repo": "customer-applications/ipaas_cross_account_iam_role",
              "ipaas_transfer_enabled": "read",
              "yor_name": "test_buckets",
              "yor_trace": "8e461766-a84c-408b-93c8-64b2c855e817"
            },
            "timeouts": null,
            "versioning": [
              {
                "enabled": false,
                "mfa_delete": false
              }
            ],
            "website": [],
            "website_domain": null,
            "website_endpoint": null
          },
          "sensitive_attributes": [],
          "private": "eyJlMmJmYjczMC1lY2FhLTExZTYtOGY4OC0zNDM2M2JjN2M0YzAiOnsiY3JlYXRlIjoxMjAwMDAwMDAwMDAwLCJkZWxldGUiOjM2MDAwMDAwMDAwMDAsInJlYWQiOjEyMDAwMDAwMDAwMDAsInVwZGF0ZSI6MTIwMDAwMDAwMDAwMH19",
          "dependencies": [
            "random_id.bucket_names"
          ]
        },
        {
          "index_key": 2,
          "schema_version": 0,
          "attributes": {
            "acceleration_status": "",
            "acl": null,
            "arn": "arn:aws:s3:::a9f41ca8-test-ipaas-bucket",
            "bucket": "a9f41ca8-test-ipaas-bucket",
            "bucket_domain_name": "a9f41ca8-test-ipaas-bucket.s3.amazonaws.com",
            "bucket_prefix": "",
            "bucket_regional_domain_name": "a9f41ca8-test-ipaas-bucket.s3.eu-west-1.amazonaws.com",
            "cors_rule": [],
            "force_destroy": false,
            "grant": [
              {
                "id": "ac3133221f9a6772efa7a43f0a53fb73eab15ca0636a1ed24c2d9dcba89226ca",
                "permissions": [
                  "FULL_CONTROL"
                ],
                "type": "CanonicalUser",
                "uri": ""
              }
            ],
            "hosted_zone_id": "Z1BKCTXD74EZPE",
            "id": "a9f41ca8-test-ipaas-bucket",
            "lifecycle_rule": [],
            "logging": [],
            "object_lock_configuration": [],
            "object_lock_enabled": false,
            "policy": "",
            "region": "eu-west-1",
            "replication_configuration": [],
            "request_payer": "BucketOwner",
            "server_side_encryption_configuration": [
              {
                "rule": [
                  {
                    "apply_server_side_encryption_by_default": [
                      {
                        "kms_master_key_id": "",
                        "sse_algorithm": "AES256"
                      }
                    ],
                    "bucket_key_enabled": false
                  }
                ]
              }
            ],
            "tags": {
              "git_commit": "c13273d184d87785ebcf4e8414e9d61183062799",
              "git_file": "tests/terraform/main.tf",
              "git_last_modified_at": "2023-11-08 12:50:23",
              "git_last_modified_by": "steven.soutar@kingfisher.com",
              "git_modifiers": "steven.soutar",
              "git_org": "group_iaas",
              "git_repo": "customer-applications/ipaas_cross_account_iam_role",
              "ipaas_transfer_enabled": "read",
              "yor_name": "test_buckets",
              "yor_trace": "8e461766-a84c-408b-93c8-64b2c855e817"
            },
            "tags_all": {
              "git_commit": "c13273d184d87785ebcf4e8414e9d61183062799",
              "git_file": "tests/terraform/main.tf",
              "git_last_modified_at": "2023-11-08 12:50:23",
              "git_last_modified_by": "steven.soutar@kingfisher.com",
              "git_modifiers": "steven.soutar",
              "git_org": "group_iaas",
              "git_repo": "customer-applications/ipaas_cross_account_iam_role",
              "ipaas_transfer_enabled": "read",
              "yor_name": "test_buckets",
              "yor_trace": "8e461766-a84c-408b-93c8-64b2c855e817"
            },
            "timeouts": null,
            "versioning": [
              {
                "enabled": false,
                "mfa_delete": false
              }
            ],
            "website": [],
            "website_domain": null,
            "website_endpoint": null
          },
          "sensitive_attributes": [],
          "private": "eyJlMmJmYjczMC1lY2FhLTExZTYtOGY4OC0zNDM2M2JjN2M0YzAiOnsiY3JlYXRlIjoxMjAwMDAwMDAwMDAwLCJkZWxldGUiOjM2MDAwMDAwMDAwMDAsInJlYWQiOjEyMDAwMDAwMDAwMDAsInVwZGF0ZSI6MTIwMDAwMDAwMDAwMH19",
          "dependencies": [
            "random_id.bucket_names"
          ]
        },
        {
          "index_key": 3,
          "schema_version": 0,
          "attributes": {
            "acceleration_status": "",
            "acl": null,
            "arn": "arn:aws:s3:::f0166c2e-test-ipaas-bucket",
            "bucket": "f0166c2e-test-ipaas-bucket",
            "bucket_domain_name": "f0166c2e-test-ipaas-bucket.s3.amazonaws.com",
            "bucket_prefix": "",
            "bucket_regional_domain_name": "f0166c2e-test-ipaas-bucket.s3.eu-west-1.amazonaws.com",
            "cors_rule": [],
            "force_destroy": false,
            "grant": [
              {
                "id": "ac3133221f9a6772efa7a43f0a53fb73eab15ca0636a1ed24c2d9dcba89226ca",
                "permissions": [
                  "FULL_CONTROL"
                ],
                "type": "CanonicalUser",
                "uri": ""
              }
            ],
            "hosted_zone_id": "Z1BKCTXD74EZPE",
            "id": "f0166c2e-test-ipaas-bucket",
            "lifecycle_rule": [],
            "logging": [],
            "object_lock_configuration": [],
            "object_lock_enabled": false,
            "policy": "",
            "region": "eu-west-1",
            "replication_configuration": [],
            "request_payer": "BucketOwner",
            "server_side_encryption_configuration": [
              {
                "rule": [
                  {
                    "apply_server_side_encryption_by_default": [
                      {
                        "kms_master_key_id": "",
                        "sse_algorithm": "AES256"
                      }
                    ],
                    "bucket_key_enabled": false
                  }
                ]
              }
            ],
            "tags": {
              "git_commit": "c13273d184d87785ebcf4e8414e9d61183062799",
              "git_file": "tests/terraform/main.tf",
              "git_last_modified_at": "2023-11-08 12:50:23",
              "git_last_modified_by": "steven.soutar@kingfisher.com",
              "git_modifiers": "steven.soutar",
              "git_org": "group_iaas",
              "git_repo": "customer-applications/ipaas_cross_account_iam_role",
              "ipaas_transfer_enabled": "read",
              "yor_name": "test_buckets",
              "yor_trace": "8e461766-a84c-408b-93c8-64b2c855e817"
            },
            "tags_all": {
              "git_commit": "c13273d184d87785ebcf4e8414e9d61183062799",
              "git_file": "tests/terraform/main.tf",
              "git_last_modified_at": "2023-11-08 12:50:23",
              "git_last_modified_by": "steven.soutar@kingfisher.com",
              "git_modifiers": "steven.soutar",
              "git_org": "group_iaas",
              "git_repo": "customer-applications/ipaas_cross_account_iam_role",
              "ipaas_transfer_enabled": "read",
              "yor_name": "test_buckets",
              "yor_trace": "8e461766-a84c-408b-93c8-64b2c855e817"
            },
            "timeouts": null,
            "versioning": [
              {
                "enabled": false,
                "mfa_delete": false
              }
            ],
            "website": [],
            "website_domain": null,
            "website_endpoint": null
          },
          "sensitive_attributes": [],
          "private": "eyJlMmJmYjczMC1lY2FhLTExZTYtOGY4OC0zNDM2M2JjN2M0YzAiOnsiY3JlYXRlIjoxMjAwMDAwMDAwMDAwLCJkZWxldGUiOjM2MDAwMDAwMDAwMDAsInJlYWQiOjEyMDAwMDAwMDAwMDAsInVwZGF0ZSI6MTIwMDAwMDAwMDAwMH19",
          "dependencies": [
            "random_id.bucket_names"
          ]
        },
        {
          "index_key": 4,
          "schema_version": 0,
          "attributes": {
            "acceleration_status": "",
            "acl": null,
            "arn": "arn:aws:s3:::08d3df7c-test-ipaas-bucket",
            "bucket": "08d3df7c-test-ipaas-bucket",
            "bucket_domain_name": "08d3df7c-test-ipaas-bucket.s3.amazonaws.com",
            "bucket_prefix": "",
            "bucket_regional_domain_name": "08d3df7c-test-ipaas-bucket.s3.eu-west-1.amazonaws.com",
            "cors_rule": [],
            "force_destroy": false,
            "grant": [
              {
                "id": "ac3133221f9a6772efa7a43f0a53fb73eab15ca0636a1ed24c2d9dcba89226ca",
                "permissions": [
                  "FULL_CONTROL"
                ],
                "type": "CanonicalUser",
                "uri": ""
              }
            ],
            "hosted_zone_id": "Z1BKCTXD74EZPE",
            "id": "08d3df7c-test-ipaas-bucket",
            "lifecycle_rule": [],
            "logging": [],
            "object_lock_configuration": [],
            "object_lock_enabled": false,
            "policy": "",
            "region": "eu-west-1",
            "replication_configuration": [],
            "request_payer": "BucketOwner",
            "server_side_encryption_configuration": [
              {
                "rule": [
                  {
                    "apply_server_side_encryption_by_default": [
                      {
                        "kms_master_key_id": "",
                        "sse_algorithm": "AES256"
                      }
                    ],
                    "bucket_key_enabled": false
                  }
                ]
              }
            ],
            "tags": {
              "git_commit": "c13273d184d87785ebcf4e8414e9d61183062799",
              "git_file": "tests/terraform/main.tf",
              "git_last_modified_at": "2023-11-08 12:50:23",
              "git_last_modified_by": "steven.soutar@kingfisher.com",
              "git_modifiers": "steven.soutar",
              "git_org": "group_iaas",
              "git_repo": "customer-applications/ipaas_cross_account_iam_role",
              "ipaas_transfer_enabled": "read",
              "yor_name": "test_buckets",
              "yor_trace": "8e461766-a84c-408b-93c8-64b2c855e817"
            },
            "tags_all": {
              "git_commit": "c13273d184d87785ebcf4e8414e9d61183062799",
              "git_file": "tests/terraform/main.tf",
              "git_last_modified_at": "2023-11-08 12:50:23",
              "git_last_modified_by": "steven.soutar@kingfisher.com",
              "git_modifiers": "steven.soutar",
              "git_org": "group_iaas",
              "git_repo": "customer-applications/ipaas_cross_account_iam_role",
              "ipaas_transfer_enabled": "read",
              "yor_name": "test_buckets",
              "yor_trace": "8e461766-a84c-408b-93c8-64b2c855e817"
            },
            "timeouts": null,
            "versioning": [
              {
                "enabled": false,
                "mfa_delete": false
              }
            ],
            "website": [],
            "website_domain": null,
            "website_endpoint": null
          },
          "sensitive_attributes": [],
          "private": "eyJlMmJmYjczMC1lY2FhLTExZTYtOGY4OC0zNDM2M2JjN2M0YzAiOnsiY3JlYXRlIjoxMjAwMDAwMDAwMDAwLCJkZWxldGUiOjM2MDAwMDAwMDAwMDAsInJlYWQiOjEyMDAwMDAwMDAwMDAsInVwZGF0ZSI6MTIwMDAwMDAwMDAwMH19",
          "dependencies": [
            "random_id.bucket_names"
          ]
        },
        {
          "index_key": 5,
          "schema_version": 0,
          "attributes": {
            "acceleration_status": "",
            "acl": null,
            "arn": "arn:aws:s3:::f1d2343c-test-ipaas-bucket",
            "bucket": "f1d2343c-test-ipaas-bucket",
            "bucket_domain_name": "f1d2343c-test-ipaas-bucket.s3.amazonaws.com",
            "bucket_prefix": "",
            "bucket_regional_domain_name": "f1d2343c-test-ipaas-bucket.s3.eu-west-1.amazonaws.com",
            "cors_rule": [],
            "force_destroy": false,
            "grant": [
              {
                "id": "ac3133221f9a6772efa7a43f0a53fb73eab15ca0636a1ed24c2d9dcba89226ca",
                "permissions": [
                  "FULL_CONTROL"
                ],
                "type": "CanonicalUser",
                "uri": ""
              }
            ],
            "hosted_zone_id": "Z1BKCTXD74EZPE",
            "id": "f1d2343c-test-ipaas-bucket",
            "lifecycle_rule": [],
            "logging": [],
            "object_lock_configuration": [],
            "object_lock_enabled": false,
            "policy": "",
            "region": "eu-west-1",
            "replication_configuration": [],
            "request_payer": "BucketOwner",
            "server_side_encryption_configuration": [
              {
                "rule": [
                  {
                    "apply_server_side_encryption_by_default": [
                      {
                        "kms_master_key_id": "",
                        "sse_algorithm": "AES256"
                      }
                    ],
                    "bucket_key_enabled": false
                  }
                ]
              }
            ],
            "tags": {
              "git_commit": "c13273d184d87785ebcf4e8414e9d61183062799",
              "git_file": "tests/terraform/main.tf",
              "git_last_modified_at": "2023-11-08 12:50:23",
              "git_last_modified_by": "steven.soutar@kingfisher.com",
              "git_modifiers": "steven.soutar",
              "git_org": "group_iaas",
              "git_repo": "customer-applications/ipaas_cross_account_iam_role",
              "ipaas_transfer_enabled": "read",
              "yor_name": "test_buckets",
              "yor_trace": "8e461766-a84c-408b-93c8-64b2c855e817"
            },
            "tags_all": {
              "git_commit": "c13273d184d87785ebcf4e8414e9d61183062799",
              "git_file": "tests/terraform/main.tf",
              "git_last_modified_at": "2023-11-08 12:50:23",
              "git_last_modified_by": "steven.soutar@kingfisher.com",
              "git_modifiers": "steven.soutar",
              "git_org": "group_iaas",
              "git_repo": "customer-applications/ipaas_cross_account_iam_role",
              "ipaas_transfer_enabled": "read",
              "yor_name": "test_buckets",
              "yor_trace": "8e461766-a84c-408b-93c8-64b2c855e817"
            },
            "timeouts": null,
            "versioning": [
              {
                "enabled": false,
                "mfa_delete": false
              }
            ],
            "website": [],
            "website_domain": null,
            "website_endpoint": null
          },
          "sensitive_attributes": [],
          "private": "eyJlMmJmYjczMC1lY2FhLTExZTYtOGY4OC0zNDM2M2JjN2M0YzAiOnsiY3JlYXRlIjoxMjAwMDAwMDAwMDAwLCJkZWxldGUiOjM2MDAwMDAwMDAwMDAsInJlYWQiOjEyMDAwMDAwMDAwMDAsInVwZGF0ZSI6MTIwMDAwMDAwMDAwMH19",
          "dependencies": [
            "random_id.bucket_names"
          ]
        },
        {
          "index_key": 6,
          "schema_version": 0,
          "attributes": {
            "acceleration_status": "",
            "acl": null,
            "arn": "arn:aws:s3:::46ea7eb7-test-ipaas-bucket",
            "bucket": "46ea7eb7-test-ipaas-bucket",
            "bucket_domain_name": "46ea7eb7-test-ipaas-bucket.s3.amazonaws.com",
            "bucket_prefix": "",
            "bucket_regional_domain_name": "46ea7eb7-test-ipaas-bucket.s3.eu-west-1.amazonaws.com",
            "cors_rule": [],
            "force_destroy": false,
            "grant": [
              {
                "id": "ac3133221f9a6772efa7a43f0a53fb73eab15ca0636a1ed24c2d9dcba89226ca",
                "permissions": [
                  "FULL_CONTROL"
                ],
                "type": "CanonicalUser",
                "uri": ""
              }
            ],
            "hosted_zone_id": "Z1BKCTXD74EZPE",
            "id": "46ea7eb7-test-ipaas-bucket",
            "lifecycle_rule": [],
            "logging": [],
            "object_lock_configuration": [],
            "object_lock_enabled": false,
            "policy": "",
            "region": "eu-west-1",
            "replication_configuration": [],
            "request_payer": "BucketOwner",
            "server_side_encryption_configuration": [
              {
                "rule": [
                  {
                    "apply_server_side_encryption_by_default": [
                      {
                        "kms_master_key_id": "",
                        "sse_algorithm": "AES256"
                      }
                    ],
                    "bucket_key_enabled": false
                  }
                ]
              }
            ],
            "tags": {
              "git_commit": "c13273d184d87785ebcf4e8414e9d61183062799",
              "git_file": "tests/terraform/main.tf",
              "git_last_modified_at": "2023-11-08 12:50:23",
              "git_last_modified_by": "steven.soutar@kingfisher.com",
              "git_modifiers": "steven.soutar",
              "git_org": "group_iaas",
              "git_repo": "customer-applications/ipaas_cross_account_iam_role",
              "ipaas_transfer_enabled": "read",
              "yor_name": "test_buckets",
              "yor_trace": "8e461766-a84c-408b-93c8-64b2c855e817"
            },
            "tags_all": {
              "git_commit": "c13273d184d87785ebcf4e8414e9d61183062799",
              "git_file": "tests/terraform/main.tf",
              "git_last_modified_at": "2023-11-08 12:50:23",
              "git_last_modified_by": "steven.soutar@kingfisher.com",
              "git_modifiers": "steven.soutar",
              "git_org": "group_iaas",
              "git_repo": "customer-applications/ipaas_cross_account_iam_role",
              "ipaas_transfer_enabled": "read",
              "yor_name": "test_buckets",
              "yor_trace": "8e461766-a84c-408b-93c8-64b2c855e817"
            },
            "timeouts": null,
            "versioning": [
              {
                "enabled": false,
                "mfa_delete": false
              }
            ],
            "website": [],
            "website_domain": null,
            "website_endpoint": null
          },
          "sensitive_attributes": [],
          "private": "eyJlMmJmYjczMC1lY2FhLTExZTYtOGY4OC0zNDM2M2JjN2M0YzAiOnsiY3JlYXRlIjoxMjAwMDAwMDAwMDAwLCJkZWxldGUiOjM2MDAwMDAwMDAwMDAsInJlYWQiOjEyMDAwMDAwMDAwMDAsInVwZGF0ZSI6MTIwMDAwMDAwMDAwMH19",
          "dependencies": [
            "random_id.bucket_names"
          ]
        },
        {
          "index_key": 7,
          "schema_version": 0,
          "attributes": {
            "acceleration_status": "",
            "acl": null,
            "arn": "arn:aws:s3:::5fcdb2e7-test-ipaas-bucket",
            "bucket": "5fcdb2e7-test-ipaas-bucket",
            "bucket_domain_name": "5fcdb2e7-test-ipaas-bucket.s3.amazonaws.com",
            "bucket_prefix": "",
            "bucket_regional_domain_name": "5fcdb2e7-test-ipaas-bucket.s3.eu-west-1.amazonaws.com",
            "cors_rule": [],
            "force_destroy": false,
            "grant": [
              {
                "id": "ac3133221f9a6772efa7a43f0a53fb73eab15ca0636a1ed24c2d9dcba89226ca",
                "permissions": [
                  "FULL_CONTROL"
                ],
                "type": "CanonicalUser",
                "uri": ""
              }
            ],
            "hosted_zone_id": "Z1BKCTXD74EZPE",
            "id": "5fcdb2e7-test-ipaas-bucket",
            "lifecycle_rule": [],
            "logging": [],
            "object_lock_configuration": [],
            "object_lock_enabled": false,
            "policy": "",
            "region": "eu-west-1",
            "replication_configuration": [],
            "request_payer": "BucketOwner",
            "server_side_encryption_configuration": [
              {
                "rule": [
                  {
                    "apply_server_side_encryption_by_default": [
                      {
                        "kms_master_key_id": "",
                        "sse_algorithm": "AES256"
                      }
                    ],
                    "bucket_key_enabled": false
                  }
                ]
              }
            ],
            "tags": {
              "git_commit": "c13273d184d87785ebcf4e8414e9d61183062799",
              "git_file": "tests/terraform/main.tf",
              "git_last_modified_at": "2023-11-08 12:50:23",
              "git_last_modified_by": "steven.soutar@kingfisher.com",
              "git_modifiers": "steven.soutar",
              "git_org": "group_iaas",
              "git_repo": "customer-applications/ipaas_cross_account_iam_role",
              "ipaas_transfer_enabled": "read",
              "yor_name": "test_buckets",
              "yor_trace": "8e461766-a84c-408b-93c8-64b2c855e817"
            },
            "tags_all": {
              "git_commit": "c13273d184d87785ebcf4e8414e9d61183062799",
              "git_file": "tests/terraform/main.tf",
              "git_last_modified_at": "2023-11-08 12:50:23",
              "git_last_modified_by": "steven.soutar@kingfisher.com",
              "git_modifiers": "steven.soutar",
              "git_org": "group_iaas",
              "git_repo": "customer-applications/ipaas_cross_account_iam_role",
              "ipaas_transfer_enabled": "read",
              "yor_name": "test_buckets",
              "yor_trace": "8e461766-a84c-408b-93c8-64b2c855e817"
            },
            "timeouts": null,
            "versioning": [
              {
                "enabled": false,
                "mfa_delete": false
              }
            ],
            "website": [],
            "website_domain": null,
            "website_endpoint": null
          },
          "sensitive_attributes": [],
          "private": "eyJlMmJmYjczMC1lY2FhLTExZTYtOGY4OC0zNDM2M2JjN2M0YzAiOnsiY3JlYXRlIjoxMjAwMDAwMDAwMDAwLCJkZWxldGUiOjM2MDAwMDAwMDAwMDAsInJlYWQiOjEyMDAwMDAwMDAwMDAsInVwZGF0ZSI6MTIwMDAwMDAwMDAwMH19",
          "dependencies": [
            "random_id.bucket_names"
          ]
        },
        {
          "index_key": 8,
          "schema_version": 0,
          "attributes": {
            "acceleration_status": "",
            "acl": null,
            "arn": "arn:aws:s3:::adb1c2ed-test-ipaas-bucket",
            "bucket": "adb1c2ed-test-ipaas-bucket",
            "bucket_domain_name": "adb1c2ed-test-ipaas-bucket.s3.amazonaws.com",
            "bucket_prefix": "",
            "bucket_regional_domain_name": "adb1c2ed-test-ipaas-bucket.s3.eu-west-1.amazonaws.com",
            "cors_rule": [],
            "force_destroy": false,
            "grant": [
              {
                "id": "ac3133221f9a6772efa7a43f0a53fb73eab15ca0636a1ed24c2d9dcba89226ca",
                "permissions": [
                  "FULL_CONTROL"
                ],
                "type": "CanonicalUser",
                "uri": ""
              }
            ],
            "hosted_zone_id": "Z1BKCTXD74EZPE",
            "id": "adb1c2ed-test-ipaas-bucket",
            "lifecycle_rule": [],
            "logging": [],
            "object_lock_configuration": [],
            "object_lock_enabled": false,
            "policy": "",
            "region": "eu-west-1",
            "replication_configuration": [],
            "request_payer": "BucketOwner",
            "server_side_encryption_configuration": [
              {
                "rule": [
                  {
                    "apply_server_side_encryption_by_default": [
                      {
                        "kms_master_key_id": "",
                        "sse_algorithm": "AES256"
                      }
                    ],
                    "bucket_key_enabled": false
                  }
                ]
              }
            ],
            "tags": {
              "git_commit": "c13273d184d87785ebcf4e8414e9d61183062799",
              "git_file": "tests/terraform/main.tf",
              "git_last_modified_at": "2023-11-08 12:50:23",
              "git_last_modified_by": "steven.soutar@kingfisher.com",
              "git_modifiers": "steven.soutar",
              "git_org": "group_iaas",
              "git_repo": "customer-applications/ipaas_cross_account_iam_role",
              "ipaas_transfer_enabled": "read",
              "yor_name": "test_buckets",
              "yor_trace": "8e461766-a84c-408b-93c8-64b2c855e817"
            },
            "tags_all": {
              "git_commit": "c13273d184d87785ebcf4e8414e9d61183062799",
              "git_file": "tests/terraform/main.tf",
              "git_last_modified_at": "2023-11-08 12:50:23",
              "git_last_modified_by": "steven.soutar@kingfisher.com",
              "git_modifiers": "steven.soutar",
              "git_org": "group_iaas",
              "git_repo": "customer-applications/ipaas_cross_account_iam_role",
              "ipaas_transfer_enabled": "read",
              "yor_name": "test_buckets",
              "yor_trace": "8e461766-a84c-408b-93c8-64b2c855e817"
            },
            "timeouts": null,
            "versioning": [
              {
                "enabled": false,
                "mfa_delete": false
              }
            ],
            "website": [],
            "website_domain": null,
            "website_endpoint": null
          },
          "sensitive_attributes": [],
          "private": "eyJlMmJmYjczMC1lY2FhLTExZTYtOGY4OC0zNDM2M2JjN2M0YzAiOnsiY3JlYXRlIjoxMjAwMDAwMDAwMDAwLCJkZWxldGUiOjM2MDAwMDAwMDAwMDAsInJlYWQiOjEyMDAwMDAwMDAwMDAsInVwZGF0ZSI6MTIwMDAwMDAwMDAwMH19",
          "dependencies": [
            "random_id.bucket_names"
          ]
        },
        {
          "index_key": 9,
          "schema_version": 0,
          "attributes": {
            "acceleration_status": "",
            "acl": null,
            "arn": "arn:aws:s3:::ae5c6352-test-ipaas-bucket",
            "bucket": "ae5c6352-test-ipaas-bucket",
            "bucket_domain_name": "ae5c6352-test-ipaas-bucket.s3.amazonaws.com",
            "bucket_prefix": "",
            "bucket_regional_domain_name": "ae5c6352-test-ipaas-bucket.s3.eu-west-1.amazonaws.com",
            "cors_rule": [],
            "force_destroy": false,
            "grant": [
              {
                "id": "ac3133221f9a6772efa7a43f0a53fb73eab15ca0636a1ed24c2d9dcba89226ca",
                "permissions": [
                  "FULL_CONTROL"
                ],
                "type": "CanonicalUser",
                "uri": ""
              }
            ],
            "hosted_zone_id": "Z1BKCTXD74EZPE",
            "id": "ae5c6352-test-ipaas-bucket",
            "lifecycle_rule": [],
            "logging": [],
            "object_lock_configuration": [],
            "object_lock_enabled": false,
            "policy": "",
            "region": "eu-west-1",
            "replication_configuration": [],
            "request_payer": "BucketOwner",
            "server_side_encryption_configuration": [
              {
                "rule": [
                  {
                    "apply_server_side_encryption_by_default": [
                      {
                        "kms_master_key_id": "",
                        "sse_algorithm": "AES256"
                      }
                    ],
                    "bucket_key_enabled": false
                  }
                ]
              }
            ],
            "tags": {
              "git_commit": "c13273d184d87785ebcf4e8414e9d61183062799",
              "git_file": "tests/terraform/main.tf",
              "git_last_modified_at": "2023-11-08 12:50:23",
              "git_last_modified_by": "steven.soutar@kingfisher.com",
              "git_modifiers": "steven.soutar",
              "git_org": "group_iaas",
              "git_repo": "customer-applications/ipaas_cross_account_iam_role",
              "ipaas_transfer_enabled": "read",
              "yor_name": "test_buckets",
              "yor_trace": "8e461766-a84c-408b-93c8-64b2c855e817"
            },
            "tags_all": {
              "git_commit": "c13273d184d87785ebcf4e8414e9d61183062799",
              "git_file": "tests/terraform/main.tf",
              "git_last_modified_at": "2023-11-08 12:50:23",
              "git_last_modified_by": "steven.soutar@kingfisher.com",
              "git_modifiers": "steven.soutar",
              "git_org": "group_iaas",
              "git_repo": "customer-applications/ipaas_cross_account_iam_role",
              "ipaas_transfer_enabled": "read",
              "yor_name": "test_buckets",
              "yor_trace": "8e461766-a84c-408b-93c8-64b2c855e817"
            },
            "timeouts": null,
            "versioning": [
              {
                "enabled": false,
                "mfa_delete": false
              }
            ],
            "website": [],
            "website_domain": null,
            "website_endpoint": null
          },
          "sensitive_attributes": [],
          "private": "eyJlMmJmYjczMC1lY2FhLTExZTYtOGY4OC0zNDM2M2JjN2M0YzAiOnsiY3JlYXRlIjoxMjAwMDAwMDAwMDAwLCJkZWxldGUiOjM2MDAwMDAwMDAwMDAsInJlYWQiOjEyMDAwMDAwMDAwMDAsInVwZGF0ZSI6MTIwMDAwMDAwMDAwMH19",
          "dependencies": [
            "random_id.bucket_names"
          ]
        }
      ]
    },
    {
      "mode": "managed",
      "type": "random_id",
      "name": "bucket_names",
      "provider": "provider[\"registry.terraform.io/hashicorp/random\"]",
      "instances": [
        {
          "index_key": 0,
          "schema_version": 0,
          "attributes": {
            "b64_std": "U5/SkQ==",
            "b64_url": "U5_SkQ",
            "byte_length": 4,
            "dec": "1402983057",
            "hex": "539fd291",
            "id": "U5_SkQ",
            "keepers": null,
            "prefix": null
          },
          "sensitive_attributes": []
        },
        {
          "index_key": 1,
          "schema_version": 0,
          "attributes": {
            "b64_std": "2O1TvQ==",
            "b64_url": "2O1TvQ",
            "byte_length": 4,
            "dec": "3639432125",
            "hex": "d8ed53bd",
            "id": "2O1TvQ",
            "keepers": null,
            "prefix": null
          },
          "sensitive_attributes": []
        },
        {
          "index_key": 2,
          "schema_version": 0,
          "attributes": {
            "b64_std": "qfQcqA==",
            "b64_url": "qfQcqA",
            "byte_length": 4,
            "dec": "2851347624",
            "hex": "a9f41ca8",
            "id": "qfQcqA",
            "keepers": null,
            "prefix": null
          },
          "sensitive_attributes": []
        },
        {
          "index_key": 3,
          "schema_version": 0,
          "attributes": {
            "b64_std": "8BZsLg==",
            "b64_url": "8BZsLg",
            "byte_length": 4,
            "dec": "4028001326",
            "hex": "f0166c2e",
            "id": "8BZsLg",
            "keepers": null,
            "prefix": null
          },
          "sensitive_attributes": []
        },
        {
          "index_key": 4,
          "schema_version": 0,
          "attributes": {
            "b64_std": "CNPffA==",
            "b64_url": "CNPffA",
            "byte_length": 4,
            "dec": "148103036",
            "hex": "08d3df7c",
            "id": "CNPffA",
            "keepers": null,
            "prefix": null
          },
          "sensitive_attributes": []
        },
        {
          "index_key": 5,
          "schema_version": 0,
          "attributes": {
            "b64_std": "8dI0PA==",
            "b64_url": "8dI0PA",
            "byte_length": 4,
            "dec": "4057084988",
            "hex": "f1d2343c",
            "id": "8dI0PA",
            "keepers": null,
            "prefix": null
          },
          "sensitive_attributes": []
        },
        {
          "index_key": 6,
          "schema_version": 0,
          "attributes": {
            "b64_std": "Rup+tw==",
            "b64_url": "Rup-tw",
            "byte_length": 4,
            "dec": "1189772983",
            "hex": "46ea7eb7",
            "id": "Rup-tw",
            "keepers": null,
            "prefix": null
          },
          "sensitive_attributes": []
        },
        {
          "index_key": 7,
          "schema_version": 0,
          "attributes": {
            "b64_std": "X82y5w==",
            "b64_url": "X82y5w",
            "byte_length": 4,
            "dec": "1607316199",
            "hex": "5fcdb2e7",
            "id": "X82y5w",
            "keepers": null,
            "prefix": null
          },
          "sensitive_attributes": []
        },
        {
          "index_key": 8,
          "schema_version": 0,
          "attributes": {
            "b64_std": "rbHC7Q==",
            "b64_url": "rbHC7Q",
            "byte_length": 4,
            "dec": "2914108141",
            "hex": "adb1c2ed",
            "id": "rbHC7Q",
            "keepers": null,
            "prefix": null
          },
          "sensitive_attributes": []
        },
        {
          "index_key": 9,
          "schema_version": 0,
          "attributes": {
            "b64_std": "rlxjUg==",
            "b64_url": "rlxjUg",
            "byte_length": 4,
            "dec": "2925290322",
            "hex": "ae5c6352",
            "id": "rlxjUg",
            "keepers": null,
            "prefix": null
          },
          "sensitive_attributes": []
        }
      ]
    }
  ],
  "check_results": null
}
